
Microsoft Visual Studio Solution File, Format Version 12.00
# Visual Studio 15
Project("{FAE04EC0-301F-11D3-BF4B-00C04F79EFBC}") = "Assembly-CSharp", "Assembly-CSharp.csproj", "{324DD20A-8FB8-1C13-54D5-7CF0D1BCE936}"
EndProject
Project("{FAE04EC0-301F-11D3-BF4B-00C04F79EFBC}") = "Assembly-CSharp-Editor", "Assembly-CSharp-Editor.csproj", "{A78D5A3C-2FC4-19E3-209C-F20B0914470F}"
EndProject
Project("{FAE04EC0-301F-11D3-BF4B-00C04F79EFBC}") = "Assembly-CSharp", "Assembly-CSharp.Player.csproj", "{BEA08E2A-26F5-67DE-D5B8-7CA53ADB3182}"
EndProject
Global
	GlobalSection(SolutionConfigurationPlatforms) = preSolution
		Debug|Any CPU = Debug|Any CPU
		Release|Any CPU = Release|Any CPU
	EndGlobalSection
	GlobalSection(ProjectConfigurationPlatforms) = postSolution
		{324DD20A-8FB8-1C13-54D5-7CF0D1BCE936}.Debug|Any CPU.ActiveCfg = Debug|Any CPU
		{324DD20A-8FB8-1C13-54D5-7CF0D1BCE936}.Debug|Any CPU.Build.0 = Debug|Any CPU
		{324DD20A-8FB8-1C13-54D5-7CF0D1BCE936}.Release|Any CPU.ActiveCfg = Release|Any CPU
		{324DD20A-8FB8-1C13-54D5-7CF0D1BCE936}.Release|Any CPU.Build.0 = Release|Any CPU
		{A78D5A3C-2FC4-19E3-209C-F20B0914470F}.Debug|Any CPU.ActiveCfg = Debug|Any CPU
		{A78D5A3C-2FC4-19E3-209C-F20B0914470F}.Debug|Any CPU.Build.0 = Debug|Any CPU
		{A78D5A3C-2FC4-19E3-209C-F20B0914470F}.Release|Any CPU.ActiveCfg = Release|Any CPU
		{A78D5A3C-2FC4-19E3-209C-F20B0914470F}.Release|Any CPU.Build.0 = Release|Any CPU
		{BEA08E2A-26F5-67DE-D5B8-7CA53ADB3182}.Debug|Any CPU.ActiveCfg = Debug|Any CPU
		{BEA08E2A-26F5-67DE-D5B8-7CA53ADB3182}.Debug|Any CPU.Build.0 = Debug|Any CPU
		{BEA08E2A-26F5-67DE-D5B8-7CA53ADB3182}.Release|Any CPU.ActiveCfg = Release|Any CPU
		{BEA08E2A-26F5-67DE-D5B8-7CA53ADB3182}.Release|Any CPU.Build.0 = Release|Any CPU
	EndGlobalSection
	GlobalSection(SolutionProperties) = preSolution
		HideSolutionNode = FALSE
	EndGlobalSection
EndGlobal
